
Microsoft Visual Studio Solution File, Format Version 12.00
# Visual Studio Version 17
VisualStudioVersion = 17.11.35208.52
MinimumVisualStudioVersion = 10.0.40219.1
Project("{FAE04EC0-301F-11D3-BF4B-00C04F79EFBC}") = "WRApiNasa", "WRApiNasa.csproj", "{8821DEBD-22B4-40A9-BB31-7130964A2736}"
EndProject
Global
	GlobalSection(SolutionConfigurationPlatforms) = preSolution
		Debug|Any CPU = Debug|Any CPU
		Release|Any CPU = Release|Any CPU
	EndGlobalSection
	GlobalSection(ProjectConfigurationPlatforms) = postSolution
		{8821DEBD-22B4-40A9-BB31-7130964A2736}.Debug|Any CPU.ActiveCfg = Debug|Any CPU
		{8821DEBD-22B4-40A9-BB31-7130964A2736}.Debug|Any CPU.Build.0 = Debug|Any CPU
		{8821DEBD-22B4-40A9-BB31-7130964A2736}.Debug|Any CPU.Deploy.0 = Debug|Any CPU
		{8821DEBD-22B4-40A9-BB31-7130964A2736}.Release|Any CPU.ActiveCfg = Release|Any CPU
		{8821DEBD-22B4-40A9-BB31-7130964A2736}.Release|Any CPU.Build.0 = Release|Any CPU
		{8821DEBD-22B4-40A9-BB31-7130964A2736}.Release|Any CPU.Deploy.0 = Release|Any CPU
	EndGlobalSection
	GlobalSection(SolutionProperties) = preSolution
		HideSolutionNode = FALSE
	EndGlobalSection
	GlobalSection(ExtensibilityGlobals) = postSolution
		SolutionGuid = {AA3F4265-D033-4DA5-909E-0207082F5186}
	EndGlobalSection
EndGlobal
